// !$*UTF8*$!
{
	archiveVersion = 1;
	classes = {
	};
	objectVersion = 50;
	objects = {

/* Begin PBXBuildFile section */
		A1672BD12493D70E00A1F971 /* AppDelegate.swift in Sources */ = {isa = PBXBuildFile; fileRef = A1672BD02493D70E00A1F971 /* AppDelegate.swift */; };
		A1672BD32493D70E00A1F971 /* SceneDelegate.swift in Sources */ = {isa = PBXBuildFile; fileRef = A1672BD22493D70E00A1F971 /* SceneDelegate.swift */; };
		A1672BD52493D70E00A1F971 /* ViewController.swift in Sources */ = {isa = PBXBuildFile; fileRef = A1672BD42493D70E00A1F971 /* ViewController.swift */; };
		A1672BD82493D70E00A1F971 /* Main.storyboard in Resources */ = {isa = PBXBuildFile; fileRef = A1672BD62493D70E00A1F971 /* Main.storyboard */; };
		A1672BDA2493D71000A1F971 /* Assets.xcassets in Resources */ = {isa = PBXBuildFile; fileRef = A1672BD92493D71000A1F971 /* Assets.xcassets */; };
		A1672BDD2493D71000A1F971 /* LaunchScreen.storyboard in Resources */ = {isa = PBXBuildFile; fileRef = A1672BDB2493D71000A1F971 /* LaunchScreen.storyboard */; };
/* End PBXBuildFile section */

/* Begin PBXFileReference section */
		A1672BCD2493D70E00A1F971 /* FindWay_Charmi_C0768448.app */ = {isa = PBXFileReference; explicitFileType = wrapper.application; includeInIndex = 0; path = FindWay_Charmi_C0768448.app; sourceTree = BUILT_PRODUCTS_DIR; };
		A1672BD02493D70E00A1F971 /* AppDelegate.swift */ = {isa = PBXFileReference; lastKnownFileType = sourcecode.swift; path = AppDelegate.swift; sourceTree = "<group>"; };
		A1672BD22493D70E00A1F971 /* SceneDelegate.swift */ = {isa = PBXFileReference; lastKnownFileType = sourcecode.swift; path = SceneDelegate.swift; sourceTree = "<group>"; };
		A1672BD42493D70E00A1F971 /* ViewController.swift */ = {isa = PBXFileReference; lastKnownFileType = sourcecode.swift; path = ViewController.swift; sourceTree = "<group>"; };
		A1672BD72493D70E00A1F971 /* Base */ = {isa = PBXFileReference; lastKnownFileType = file.storyboard; name = Base; path = Base.lproj/Main.storyboard; sourceTree = "<group>"; };
		A1672BD92493D71000A1F971 /* Assets.xcassets */ = {isa = PBXFileReference; lastKnownFileType = folder.assetcatalog; path = Assets.xcassets; sourceTree = "<group>"; };
		A1672BDC2493D71000A1F971 /* Base */ = {isa = PBXFileReference; lastKnownFileType = file.storyboard; name = Base; path = Base.lproj/LaunchScreen.storyboard; sourceTree = "<group>"; };
		A1672BDE2493D71000A1F971 /* Info.plist */ = {isa = PBXFileReference; lastKnownFileType = text.plist.xml; path = Info.plist; sourceTree = "<group>"; };
/* End PBXFileReference section */

/* Begin PBXFrameworksBuildPhase section */
		A1672BCA2493D70E00A1F971 /* Frameworks */ = {
			isa = PBXFrameworksBuildPhase;
			buildActionMask = 2147483647;
			files = (
			);
			runOnlyForDeploymentPostprocessing = 0;
		};
/* End PBXFrameworksBuildPhase section */

/* Begin PBXGroup section */
		A1672BC42493D70E00A1F971 = {
			isa = PBXGroup;
			children = (
				A1672BCF2493D70E00A1F971 /* FindWay_Charmi_C0768448 */,
				A1672BCE2493D70E00A1F971 /* Products */,
			);
			sourceTree = "<group>";
		};
		A1672BCE2493D70E00A1F971 /* Products */ = {
			isa = PBXGroup;
			children = (
				A1672BCD2493D70E00A1F971 /* FindWay_Charmi_C0768448.app */,
			);
			name = Products;
			sourceTree = "<group>";
		};
		A1672BCF2493D70E00A1F971 /* FindWay_Charmi_C0768448 */ = {
			isa = PBXGroup;
			children = (
				A1672BD02493D70E00A1F971 /* AppDelegate.swift */,
				A1672BD22493D70E00A1F971 /* SceneDelegate.swift */,
				A1672BD42493D70E00A1F971 /* ViewController.swift */,
				A1672BD62493D70E00A1F971 /* Main.storyboard */,
				A1672BD92493D71000A1F971 /* Assets.xcassets */,
				A1672BDB2493D71000A1F971 /* LaunchScreen.storyboard */,
				A1672BDE2493D71000A1F971 /* Info.plist */,
			);
			path = FindWay_Charmi_C0768448;
			sourceTree = "<group>";
		};
/* End PBXGroup section */

/* Begin PBXNativeTarget section */
		A1672BCC2493D70E00A1F971 /* FindWay_Charmi_C0768448 */ = {
			isa = PBXNativeTarget;
			buildConfigurationList = A1672BE12493D71000A1F971 /* Build configuration list for PBXNativeTarget "FindWay_Charmi_C0768448" */;
			buildPhases = (
				A1672BC92493D70E00A1F971 /* Sources */,
				A1672BCA2493D70E00A1F971 /* Frameworks */,
				A1672BCB2493D70E00A1F971 /* Resources */,
			);
			buildRules = (
			);
			dependencies = (
			);
			name = FindWay_Charmi_C0768448;
			productName = FindWay_Charmi_C0768448;
			productReference = A1672BCD2493D70E00A1F971 /* FindWay_Charmi_C0768448.app */;
			productType = "com.apple.product-type.application";
		};
/* End PBXNativeTarget section */

/* Begin PBXProject section */
		A1672BC52493D70E00A1F971 /* Project object */ = {
			isa = PBXProject;
			attributes = {
				LastSwiftUpdateCheck = 1150;
				LastUpgradeCheck = 1150;
				ORGANIZATIONNAME = charmi;
				TargetAttributes = {
					A1672BCC2493D70E00A1F971 = {
						CreatedOnToolsVersion = 11.5;
					};
				};
			};
			buildConfigurationList = A1672BC82493D70E00A1F971 /* Build configuration list for PBXProject "FindWay_Charmi_C0768448" */;
			compatibilityVersion = "Xcode 9.3";
			developmentRegion = en;
			hasScannedForEncodings = 0;
			knownRegions = (
				en,
				Base,
			);
			mainGroup = A1672BC42493D70E00A1F971;
			productRefGroup = A1672BCE2493D70E00A1F971 /* Products */;
			projectDirPath = "";
			projectRoot = "";
			targets = (
				A1672BCC2493D70E00A1F971 /* FindWay_Charmi_C0768448 */,
			);
		};
/* End PBXProject section */

/* Begin PBXResourcesBuildPhase section */
		A1672BCB2493D70E00A1F971 /* Resources */ = {
			isa = PBXResourcesBuildPhase;
			buildActionMask = 2147483647;
			files = (
				A1672BDD2493D71000A1F971 /* LaunchScreen.storyboard in Resources */,
				A1672BDA2493D71000A1F971 /* Assets.xcassets in Resources */,
				A1672BD82493D70E00A1F971 /* Main.storyboard in Resources */,
			);
			runOnlyForDeploymentPostprocessing = 0;
		};
/* End PBXResourcesBuildPhase section */

/* Begin PBXSourcesBuildPhase section */
		A1672BC92493D70E00A1F971 /* Sources */ = {
			isa = PBXSourcesBuildPhase;
			buildActionMask = 2147483647;
			files = (
				A1672BD52493D70E00A1F971 /* ViewController.swift in Sources */,
				A1672BD12493D70E00A1F971 /* AppDelegate.swift in Sources */,
				A1672BD32493D70E00A1F971 /* SceneDelegate.swift in Sources */,
			);
			runOnlyForDeploymentPostprocessing = 0;
		};
/* End PBXSourcesBuildPhase section */

/* Begin PBXVariantGroup section */
		A1672BD62493D70E00A1F971 /* Main.storyboard */ = {
			isa = PBXVariantGroup;
			children = (
				A1672BD72493D70E00A1F971 /* Base */,
			);
			name = Main.storyboard;
			sourceTree = "<group>";
		};
		A1672BDB2493D71000A1F971 /* LaunchScreen.storyboard */ = {
			isa = PBXVariantGroup;
			children = (
				A1672BDC2493D71000A1F971 /* Base */,
			);
			name = LaunchScreen.storyboard;
			sourceTree = "<group>";
		};
/* End PBXVariantGroup section */

/* Begin XCBuildConfiguration section */
		A1672BDF2493D71000A1F971 /* Debug */ = {
			isa = XCBuildConfiguration;
			buildSettings = {
				ALWAYS_SEARCH_USER_PATHS = NO;
				CLANG_ANALYZER_NONNULL = YES;
				CLANG_ANALYZER_NUMBER_OBJECT_CONVERSION = YES_AGGRESSIVE;
				CLANG_CXX_LANGUAGE_STANDARD = "gnu++14";
				CLANG_CXX_LIBRARY = "libc++";
				CLANG_ENABLE_MODULES = YES;
				CLANG_ENABLE_OBJC_ARC = YES;
				CLANG_ENABLE_OBJC_WEAK = YES;
				CLANG_WARN_BLOCK_CAPTURE_AUTORELEASING = YES;
				CLANG_WARN_BOOL_CONVERSION = YES;
				CLANG_WARN_COMMA = YES;
				CLANG_WARN_CONSTANT_CONVERSION = YES;
				CLANG_WARN_DEPRECATED_OBJC_IMPLEMENTATIONS = YES;
				CLANG_WARN_DIRECT_OBJC_ISA_USAGE = YES_ERROR;
				CLANG_WARN_DOCUMENTATION_COMMENTS = YES;
				CLANG_WARN_EMPTY_BODY = YES;
				CLANG_WARN_ENUM_CONVERSION = YES;
				CLANG_WARN_INFINITE_RECURSION = YES;
				CLANG_WARN_INT_CONVERSION = YES;
				CLANG_WARN_NON_LITERAL_NULL_CONVERSION = YES;
				CLANG_WARN_OBJC_IMPLICIT_RETAIN_SELF = YES;
				CLANG_WARN_OBJC_LITERAL_CONVERSION = YES;
				CLANG_WARN_OBJC_ROOT_CLASS = YES_ERROR;
				CLANG_WARN_RANGE_LOOP_ANALYSIS = YES;
				CLANG_WARN_STRICT_PROTOTYPES = YES;
				CLANG_WARN_SUSPICIOUS_MOVE = YES;
				CLANG_WARN_UNGUARDED_AVAILABILITY = YES_AGGRESSIVE;
				CLANG_WARN_UNREACHABLE_CODE = YES;
				CLANG_WARN__DUPLICATE_METHOD_MATCH = YES;
				COPY_PHASE_STRIP = NO;
				DEBUG_INFORMATION_FORMAT = dwarf;
				ENABLE_STRICT_OBJC_MSGSEND = YES;
				ENABLE_TESTABILITY = YES;
				GCC_C_LANGUAGE_STANDARD = gnu11;
				GCC_DYNAMIC_NO_PIC = NO;
				GCC_NO_COMMON_BLOCKS = YES;
				GCC_OPTIMIZATION_LEVEL = 0;
				GCC_PREPROCESSOR_DEFINITIONS = (
					"DEBUG=1",
					"$(inherited)",
				);
				GCC_WARN_64_TO_32_BIT_CONVERSION = YES;
				GCC_WARN_ABOUT_RETURN_TYPE = YES_ERROR;
				GCC_WARN_UNDECLARED_SELECTOR = YES;
				GCC_WARN_UNINITIALIZED_AUTOS = YES_AGGRESSIVE;
				GCC_WARN_UNUSED_FUNCTION = YES;
				GCC_WARN_UNUSED_VARIABLE = YES;
				IPHONEOS_DEPLOYMENT_TARGET = 13.5;
				MTL_ENABLE_DEBUG_INFO = INCLUDE_SOURCE;
				MTL_FAST_MATH = YES;
				ONLY_ACTIVE_ARCH = YES;
				SDKROOT = iphoneos;
				SWIFT_ACTIVE_COMPILATION_CONDITIONS = DEBUG;
				SWIFT_OPTIMIZATION_LEVEL = "-Onone";
			};
			name = Debug;
		};
		A1672BE02493D71000A1F971 /* Release */ = {
			isa = XCBuildConfiguration;
			buildSettings = {
				ALWAYS_SEARCH_USER_PATHS = NO;
				CLANG_ANALYZER_NONNULL = YES;
				CLANG_ANALYZER_NUMBER_OBJECT_CONVERSION = YES_AGGRESSIVE;
				CLANG_CXX_LANGUAGE_STANDARD = "gnu++14";
				CLANG_CXX_LIBRARY = "libc++";
				CLANG_ENABLE_MODULES = YES;
				CLANG_ENABLE_OBJC_ARC = YES;
				CLANG_ENABLE_OBJC_WEAK = YES;
				CLANG_WARN_BLOCK_CAPTURE_AUTORELEASING = YES;
				CLANG_WARN_BOOL_CONVERSION = YES;
				CLANG_WARN_COMMA = YES;
				CLANG_WARN_CONSTANT_CONVERSION = YES;
				CLANG_WARN_DEPRECATED_OBJC_IMPLEMENTATIONS = YES;
				CLANG_WARN_DIRECT_OBJC_ISA_USAGE = YES_ERROR;
				CLANG_WARN_DOCUMENTATION_COMMENTS = YES;
				CLANG_WARN_EMPTY_BODY = YES;
				CLANG_WARN_ENUM_CONVERSION = YES;
				CLANG_WARN_INFINITE_RECURSION = YES;
				CLANG_WARN_INT_CONVERSION = YES;
				CLANG_WARN_NON_LITERAL_NULL_CONVERSION = YES;
				CLANG_WARN_OBJC_IMPLICIT_RETAIN_SELF = YES;
				CLANG_WARN_OBJC_LITERAL_CONVERSION = YES;
				CLANG_WARN_OBJC_ROOT_CLASS = YES_ERROR;
				CLANG_WARN_RANGE_LOOP_ANALYSIS = YES;
				CLANG_WARN_STRICT_PROTOTYPES = YES;
				CLANG_WARN_SUSPICIOUS_MOVE = YES;
				CLANG_WARN_UNGUARDED_AVAILABILITY = YES_AGGRESSIVE;
				CLANG_WARN_UNREACHABLE_CODE = YES;
				CLANG_WARN__DUPLICATE_METHOD_MATCH = YES;
				COPY_PHASE_STRIP = NO;
				DEBUG_INFORMATION_FORMAT = "dwarf-with-dsym";
				ENABLE_NS_ASSERTIONS = NO;
				ENABLE_STRICT_OBJC_MSGSEND = YES;
				GCC_C_LANGUAGE_STANDARD = gnu11;
				GCC_NO_COMMON_BLOCKS = YES;
				GCC_WARN_64_TO_32_BIT_CONVERSION = YES;
				GCC_WARN_ABOUT_RETURN_TYPE = YES_ERROR;
				GCC_WARN_UNDECLARED_SELECTOR = YES;
				GCC_WARN_UNINITIALIZED_AUTOS = YES_AGGRESSIVE;
				GCC_WARN_UNUSED_FUNCTION = YES;
				GCC_WARN_UNUSED_VARIABLE = YES;
				IPHONEOS_DEPLOYMENT_TARGET = 13.5;
				MTL_ENABLE_DEBUG_INFO = NO;
				MTL_FAST_MATH = YES;
				SDKROOT = iphoneos;
				SWIFT_COMPILATION_MODE = wholemodule;
				SWIFT_OPTIMIZATION_LEVEL = "-O";
				VALIDATE_PRODUCT = YES;
			};
			name = Release;
		};
		A1672BE22493D71000A1F971 /* Debug */ = {
			isa = XCBuildConfiguration;
			buildSettings = {
				ASSETCATALOG_COMPILER_APPICON_NAME = AppIcon;
				CODE_SIGN_STYLE = Automatic;
				INFOPLIST_FILE = FindWay_Charmi_C0768448/Info.plist;
				LD_RUNPATH_SEARCH_PATHS = (
					"$(inherited)",
					"@executable_path/Frameworks",
				);
				PRODUCT_BUNDLE_IDENTIFIER = "lambton.FindWay-Charmi-C0768448";
				PRODUCT_NAME = "$(TARGET_NAME)";
				SWIFT_VERSION = 5.0;
				TARGETED_DEVICE_FAMILY = "1,2";
			};
			name = Debug;
		};
		A1672BE32493D71000A1F971 /* Release */ = {
			isa = XCBuildConfiguration;
			buildSettings = {
				ASSETCATALOG_COMPILER_APPICON_NAME = AppIcon;
				CODE_SIGN_STYLE = Automatic;
				INFOPLIST_FILE = FindWay_Charmi_C0768448/Info.plist;
				LD_RUNPATH_SEARCH_PATHS = (
					"$(inherited)",
					"@executable_path/Frameworks",
				);
				PRODUCT_BUNDLE_IDENTIFIER = "lambton.FindWay-Charmi-C0768448";
				PRODUCT_NAME = "$(TARGET_NAME)";
				SWIFT_VERSION = 5.0;
				TARGETED_DEVICE_FAMILY = "1,2";
			};
			name = Release;
		};
/* End XCBuildConfiguration section */

/* Begin XCConfigurationList section */
		A1672BC82493D70E00A1F971 /* Build configuration list for PBXProject "FindWay_Charmi_C0768448" */ = {
			isa = XCConfigurationList;
			buildConfigurations = (
				A1672BDF2493D71000A1F971 /* Debug */,
				A1672BE02493D71000A1F971 /* Release */,
			);
			defaultConfigurationIsVisible = 0;
			defaultConfigurationName = Release;
		};
		A1672BE12493D71000A1F971 /* Build configuration list for PBXNativeTarget "FindWay_Charmi_C0768448" */ = {
			isa = XCConfigurationList;
			buildConfigurations = (
				A1672BE22493D71000A1F971 /* Debug */,
				A1672BE32493D71000A1F971 /* Release */,
			);
			defaultConfigurationIsVisible = 0;
			defaultConfigurationName = Release;
		};
/* End XCConfigurationList section */
	};
	rootObject = A1672BC52493D70E00A1F971 /* Project object */;
}
